<?xml version="1.0" encoding="utf-8"?>
<Project ToolsVersion="4.0" xmlns="http://schemas.microsoft.com/developer/msbuild/2003">
  <ItemGroup>
    <Filter Include="Main">
      <UniqueIdentifier>{36f12102-3bbc-47fe-8376-aa3c3c3bee84}</UniqueIdentifier>
    </Filter>
    <Filter Include="Core">
      <UniqueIdentifier>{f0a0743e-f77e-4e50-add0-98d02acbd81d}</UniqueIdentifier>
    </Filter>
    <Filter Include="Core\Terrain">
      <UniqueIdentifier>{d6714ee4-202c-4666-9945-dce4f00405d2}</UniqueIdentifier>
    </Filter>
    <Filter Include="Core\Mapgen">
      <UniqueIdentifier>{f9772711-0d5b-4ca5-a20d-48a91f4e9983}</UniqueIdentifier>
    </Filter>
    <Filter Include="Main\Render">
      <UniqueIdentifier>{7a8eeb95-9ae5-4e22-a69c-e42e094e91a7}</UniqueIdentifier>
    </Filter>
    <Filter Include="Main\Render\Shaders">
      <UniqueIdentifier>{3001c654-ed5c-4884-94a0-3f368e6d3d48}</UniqueIdentifier>
    </Filter>
    <Filter Include="Core\Blocks">
      <UniqueIdentifier>{560b718b-d1c7-4bb8-abb9-dd293d4a7d5b}</UniqueIdentifier>
    </Filter>
    <Filter Include="Core\Physics">
      <UniqueIdentifier>{3efb9dc0-c3a2-42c3-b102-2f6e85909d5c}</UniqueIdentifier>
    </Filter>
    <Filter Include="Core\Sync">
      <UniqueIdentifier>{11c7a775-82e6-491f-9828-99a4342e5edc}</UniqueIdentifier>
    </Filter>
  </ItemGroup>
  <ItemGroup>
    <ClCompile Include="Main.cpp">
      <Filter>Main</Filter>
    </ClCompile>
    <ClCompile Include="..\Core\Terrain\Block.cpp">
      <Filter>Core\Terrain</Filter>
    </ClCompile>
    <ClCompile Include="..\Core\Terrain\Chunk.cpp">
      <Filter>Core\Terrain</Filter>
    </ClCompile>
    <ClCompile Include="..\Core\Terrain\ChunkColumn.cpp">
      <Filter>Core\Terrain</Filter>
    </ClCompile>
    <ClCompile Include="..\Core\Terrain\Entities.cpp">
      <Filter>Core\Terrain</Filter>
    </ClCompile>
    <ClCompile Include="..\Core\Terrain\Fragment.cpp">
      <Filter>Core\Terrain</Filter>
    </ClCompile>
    <ClCompile Include="..\Core\Terrain\Region.cpp">
      <Filter>Core\Terrain</Filter>
    </ClCompile>
    <ClCompile Include="..\Core\Terrain\WorldLoader.cpp">
      <Filter>Core\Terrain</Filter>
    </ClCompile>
    <ClCompile Include="..\Core\Mapgen\Mapgen.cpp">
      <Filter>Core\Mapgen</Filter>
    </ClCompile>
    <ClCompile Include="..\Core\Mapgen\Perlin.cpp">
      <Filter>Core\Mapgen</Filter>
    </ClCompile>
    <ClCompile Include="..\Core\Terrain\BlockModel.cpp">
      <Filter>Core\Terrain</Filter>
    </ClCompile>
    <ClCompile Include="UI\Render.cpp">
      <Filter>Main\Render</Filter>
    </ClCompile>
    <ClCompile Include="UI\GameCanvas.cpp">
      <Filter>Main\Render</Filter>
    </ClCompile>
    <ClCompile Include="UI\Transpose.cpp">
      <Filter>Main\Render</Filter>
    </ClCompile>
    <ClCompile Include="..\Core\Terrain\RayTrace.cpp">
      <Filter>Core\Terrain</Filter>
    </ClCompile>
    <ClCompile Include="..\Core\Blocks\Block_Static.cpp">
      <Filter>Core\Blocks</Filter>
    </ClCompile>
    <ClCompile Include="..\Core\Blocks\Block_Liquid.cpp">
      <Filter>Core\Blocks</Filter>
    </ClCompile>
    <ClCompile Include="..\Core\Blocks\Block_Stone.cpp">
      <Filter>Core\Blocks</Filter>
    </ClCompile>
    <ClCompile Include="..\Core\Physics\Physics.cpp">
      <Filter>Core\Physics</Filter>
    </ClCompile>
    <ClCompile Include="..\Core\Definitions.cpp">
      <Filter>Core</Filter>
    </ClCompile>
    <ClCompile Include="..\Core\Terrain\ItemContainer.cpp">
      <Filter>Core\Terrain</Filter>
    </ClCompile>
    <ClCompile Include="..\Core\Blocks\Block_Directional.cpp">
      <Filter>Core\Blocks</Filter>
    </ClCompile>
    <ClCompile Include="..\Core\Physics\Tick.cpp">
      <Filter>Core\Physics</Filter>
    </ClCompile>
  </ItemGroup>
  <ItemGroup>
    <ClInclude Include="..\Core\Definitions.h">
      <Filter>Core</Filter>
    </ClInclude>
    <ClInclude Include="..\Core\Terrain\Block.h">
      <Filter>Core\Terrain</Filter>
    </ClInclude>
    <ClInclude Include="..\Core\Terrain\Chunk.h">
      <Filter>Core\Terrain</Filter>
    </ClInclude>
    <ClInclude Include="..\Core\Terrain\ChunkColumn.h">
      <Filter>Core\Terrain</Filter>
    </ClInclude>
    <ClInclude Include="..\Core\Terrain\Entities.h">
      <Filter>Core\Terrain</Filter>
    </ClInclude>
    <ClInclude Include="..\Core\Terrain\Fragment.h">
      <Filter>Core\Terrain</Filter>
    </ClInclude>
    <ClInclude Include="..\Core\Terrain\Region.h">
      <Filter>Core\Terrain</Filter>
    </ClInclude>
    <ClInclude Include="..\Core\Terrain\WorldLoader.h">
      <Filter>Core\Terrain</Filter>
    </ClInclude>
    <ClInclude Include="..\Core\Mapgen\Mapgen.h">
      <Filter>Core\Mapgen</Filter>
    </ClInclude>
    <ClInclude Include="..\Core\Mapgen\Perlin.h">
      <Filter>Core\Mapgen</Filter>
    </ClInclude>
    <ClInclude Include="..\Core\Terrain\BlockModel.h">
      <Filter>Core\Terrain</Filter>
    </ClInclude>
    <ClInclude Include="UI\Render.h">
      <Filter>Main\Render</Filter>
    </ClInclude>
    <ClInclude Include="UI\GameCanvas.h">
      <Filter>Main\Render</Filter>
    </ClInclude>
    <ClInclude Include="UI\Transpose.h">
      <Filter>Main\Render</Filter>
    </ClInclude>
    <ClInclude Include="..\Core\Terrain\RayTrace.h">
      <Filter>Core\Terrain</Filter>
    </ClInclude>
    <ClInclude Include="..\Core\Blocks\Block_Static.h">
      <Filter>Core\Blocks</Filter>
    </ClInclude>
    <ClInclude Include="..\Core\Blocks\Block_Types.h">
      <Filter>Core\Blocks</Filter>
    </ClInclude>
    <ClInclude Include="..\Core\Blocks\Block_Liquid.h">
      <Filter>Core\Blocks</Filter>
    </ClInclude>
    <ClInclude Include="..\Core\Blocks\Block_Stone.h">
      <Filter>Core\Blocks</Filter>
    </ClInclude>
    <ClInclude Include="..\Core\Physics\Physics.h">
      <Filter>Core\Physics</Filter>
    </ClInclude>
    <ClInclude Include="..\Core\Terrain\ItemContainer.h">
      <Filter>Core\Terrain</Filter>
    </ClInclude>
    <ClInclude Include="..\Core\Blocks\Block_Directional.h">
      <Filter>Core\Blocks</Filter>
    </ClInclude>
    <ClInclude Include="..\Core\Physics\Tick.h">
      <Filter>Core\Physics</Filter>
    </ClInclude>
    <ClInclude Include="..\Core\Sync\Sync.h">
      <Filter>Core\Sync</Filter>
    </ClInclude>
  </ItemGroup>
  <ItemGroup>
    <None Include="Shaders\Chunk.frag">
      <Filter>Main\Render\Shaders</Filter>
    </None>
    <None Include="Shaders\Chunk.vert">
      <Filter>Main\Render\Shaders</Filter>
    </None>
    <None Include="Shaders\Entity.frag">
      <Filter>Main\Render\Shaders</Filter>
    </None>
    <None Include="Shaders\Entity.vert">
      <Filter>Main\Render\Shaders</Filter>
    </None>
  </ItemGroup>
</Project>